
Microsoft Visual Studio Solution File, Format Version 12.00
# Visual Studio Version 17
VisualStudioVersion = 17.9.34714.143
MinimumVisualStudioVersion = 10.0.40219.1
Project("{FAE04EC0-301F-11D3-BF4B-00C04F79EFBC}") = "SCVZ", "SCVZ\SCVZ.csproj", "{EF12AE16-2DDF-4380-95CB-CB36AC8DD2F6}"
EndProject
Project("{FAE04EC0-301F-11D3-BF4B-00C04F79EFBC}") = "UnitTests", "UnitTests\UnitTests.csproj", "{719BFB1C-BB6D-42D1-B66C-D1374B37BC4B}"
EndProject
Global
	GlobalSection(SolutionConfigurationPlatforms) = preSolution
		Debug|Any CPU = Debug|Any CPU
		Release|Any CPU = Release|Any CPU
	EndGlobalSection
	GlobalSection(ProjectConfigurationPlatforms) = postSolution
		{EF12AE16-2DDF-4380-95CB-CB36AC8DD2F6}.Debug|Any CPU.ActiveCfg = Debug|Any CPU
		{EF12AE16-2DDF-4380-95CB-CB36AC8DD2F6}.Debug|Any CPU.Build.0 = Debug|Any CPU
		{EF12AE16-2DDF-4380-95CB-CB36AC8DD2F6}.Release|Any CPU.ActiveCfg = Release|Any CPU
		{EF12AE16-2DDF-4380-95CB-CB36AC8DD2F6}.Release|Any CPU.Build.0 = Release|Any CPU
		{719BFB1C-BB6D-42D1-B66C-D1374B37BC4B}.Debug|Any CPU.ActiveCfg = Debug|Any CPU
		{719BFB1C-BB6D-42D1-B66C-D1374B37BC4B}.Debug|Any CPU.Build.0 = Debug|Any CPU
		{719BFB1C-BB6D-42D1-B66C-D1374B37BC4B}.Release|Any CPU.ActiveCfg = Release|Any CPU
		{719BFB1C-BB6D-42D1-B66C-D1374B37BC4B}.Release|Any CPU.Build.0 = Release|Any CPU
	EndGlobalSection
	GlobalSection(SolutionProperties) = preSolution
		HideSolutionNode = FALSE
	EndGlobalSection
	GlobalSection(ExtensibilityGlobals) = postSolution
		SolutionGuid = {20BDDC7F-C394-4751-B202-759A57319766}
	EndGlobalSection
EndGlobal
